
Microsoft Visual Studio Solution File, Format Version 12.00
# Visual Studio Version 16
VisualStudioVersion = 16.0.29709.97
MinimumVisualStudioVersion = 10.0.40219.1
Project("{FAE04EC0-301F-11D3-BF4B-00C04F79EFBC}") = "Betway", "Betway.csproj", "{3C6650C5-AE41-4E41-9204-FD7B29672004}"
EndProject
Global
	GlobalSection(SolutionConfigurationPlatforms) = preSolution
		Debug|Any CPU = Debug|Any CPU
		Release|Any CPU = Release|Any CPU
	EndGlobalSection
	GlobalSection(ProjectConfigurationPlatforms) = postSolution
		{3C6650C5-AE41-4E41-9204-FD7B29672004}.Debug|Any CPU.ActiveCfg = Debug|Any CPU
		{3C6650C5-AE41-4E41-9204-FD7B29672004}.Debug|Any CPU.Build.0 = Debug|Any CPU
		{3C6650C5-AE41-4E41-9204-FD7B29672004}.Release|Any CPU.ActiveCfg = Release|Any CPU
		{3C6650C5-AE41-4E41-9204-FD7B29672004}.Release|Any CPU.Build.0 = Release|Any CPU
	EndGlobalSection
	GlobalSection(SolutionProperties) = preSolution
		HideSolutionNode = FALSE
	EndGlobalSection
	GlobalSection(ExtensibilityGlobals) = postSolution
		SolutionGuid = {2AD85450-56DB-4CFC-82E8-5DFD79DD527A}
	EndGlobalSection
EndGlobal
